
Microsoft Visual Studio Solution File, Format Version 12.00
# Visual Studio Version 17
VisualStudioVersion = 17.4.33122.133
MinimumVisualStudioVersion = 10.0.40219.1
Project("{FAE04EC0-301F-11D3-BF4B-00C04F79EFBC}") = "Employee.WebApp", "Employee.WebApp\Employee.WebApp.csproj", "{C23A2A65-59F3-486B-9BA9-05F975D9C7E3}"
EndProject
Global
	GlobalSection(SolutionConfigurationPlatforms) = preSolution
		Debug|Any CPU = Debug|Any CPU
		Release|Any CPU = Release|Any CPU
	EndGlobalSection
	GlobalSection(ProjectConfigurationPlatforms) = postSolution
		{C23A2A65-59F3-486B-9BA9-05F975D9C7E3}.Debug|Any CPU.ActiveCfg = Debug|Any CPU
		{C23A2A65-59F3-486B-9BA9-05F975D9C7E3}.Debug|Any CPU.Build.0 = Debug|Any CPU
		{C23A2A65-59F3-486B-9BA9-05F975D9C7E3}.Release|Any CPU.ActiveCfg = Release|Any CPU
		{C23A2A65-59F3-486B-9BA9-05F975D9C7E3}.Release|Any CPU.Build.0 = Release|Any CPU
	EndGlobalSection
	GlobalSection(SolutionProperties) = preSolution
		HideSolutionNode = FALSE
	EndGlobalSection
	GlobalSection(ExtensibilityGlobals) = postSolution
		SolutionGuid = {D260FC1B-5756-4FFF-8A57-04790DCB10A1}
	EndGlobalSection
EndGlobal
